{
  "originHash" : "39314809486827fc3edd14a5114d20530175c4723300087f774cd6662beff592",
  "pins" : [
    {
      "identity" : "swift-syntax",
      "kind" : "remoteSourceControl",
      "location" : "https://github.com/swiftlang/swift-syntax.git",
      "state" : {
        "revision" : "4799286537280063c85a32f09884cfbca301b1a1",
        "version" : "602.0.0"
      }
    }
  ],
  "version" : 3
}
